{
  "name": "xyfs_image_croper",
  "version": "1.0.0",
  "lockfileVersion": 3,
  "requires": true,
  "packages": {
    "": {
      "name": "xyfs_image_croper",
      "version": "1.0.0",
      "license": "ISC",
      "dependencies": {
        "@vue-mini/core": "^1.0.1"
      }
    },
    "node_modules/@vue-mini/core": {
      "version": "1.0.1",
      "resolved": "https://registry.npmmirror.com/@vue-mini/core/-/core-1.0.1.tgz",
      "integrity": "sha512-SqqIzSgQ6SC8lgOWFcvKTlrFFC3ugcgf/ZcGmKvjLeQLKiIY2N5SHoE4nYyGpQApcNMe2/LsMeJTACbwM78EEQ==",
      "license": "MIT",
      "dependencies": {
        "@vue-mini/miniprogram-api-typings": "3.12.2-patch.1",
        "@vue/reactivity": "3.4.33"
      }
    },
    "node_modules/@vue-mini/miniprogram-api-typings": {
      "version": "3.12.2-patch.1",
      "resolved": "https://registry.npmmirror.com/@vue-mini/miniprogram-api-typings/-/miniprogram-api-typings-3.12.2-patch.1.tgz",
      "integrity": "sha512-corB85OI65uPJyq3zHirI5P8UwgcvNRjms9uT2ZI1G5ZKzgmuHvgYtW0TaGDsJc17AWLRmcdkNO3D1YZyDWM3g==",
      "license": "MIT"
    },
    "node_modules/@vue/reactivity": {
      "version": "3.4.33",
      "resolved": "https://registry.npmmirror.com/@vue/reactivity/-/reactivity-3.4.33.tgz",
      "integrity": "sha512-B24QIelahDbyHipBgbUItQblbd4w5HpG3KccL+YkGyo3maXyS253FzcTR3pSz739OTphmzlxP7JxEMWBpewilA==",
      "license": "MIT",
      "dependencies": {
        "@vue/shared": "3.4.33"
      }
    },
    "node_modules/@vue/shared": {
      "version": "3.4.33",
      "resolved": "https://registry.npmmirror.com/@vue/shared/-/shared-3.4.33.tgz",
      "integrity": "sha512-aoRY0jQk3A/cuvdkodTrM4NMfxco8n55eG4H7ML/CRy7OryHfiqvug4xrCBBMbbN+dvXAetDDwZW9DXWWjBntA==",
      "license": "MIT"
    }
  }
}
